PODS:
  - Flutter (1.0.0)
  - path_provider_foundation (0.0.1):
    - Flutter
    - FlutterMacOS
  - permission_handler_apple (9.3.0):
    - Flutter
  - share_plus (0.0.1):
    - Flutter
  - SpruceIDMobileSdk (0.14.14):
    - SpruceIDMobileSdkRs (~> 0.14.14)
    - SwiftAlgorithms (~> 1.0.0)
  - SpruceIDMobileSdkRs (0.14.14):
    - SpruceIDMobileSdkRsRustFramework (= 0.14.14)
  - SpruceIDMobileSdkRsRustFramework (0.14.14)
  - sprucekit_mobile (0.14.14):
    - Flutter
    - SpruceIDMobileSdk (~> 0.14.14)
  - SwiftAlgorithms (1.0.0)

DEPENDENCIES:
  - Flutter (from `Flutter`)
  - path_provider_foundation (from `.symlinks/plugins/path_provider_foundation/darwin`)
  - permission_handler_apple (from `.symlinks/plugins/permission_handler_apple/ios`)
  - share_plus (from `.symlinks/plugins/share_plus/ios`)
  - SpruceIDMobileSdk (from `../../../`)
  - SpruceIDMobileSdkRs (from `../../../`)
  - SpruceIDMobileSdkRsRustFramework (from `../../../`)
  - sprucekit_mobile (from `.symlinks/plugins/sprucekit_mobile/ios`)
  - SwiftAlgorithms (~> 1.0.0)

SPEC REPOS:
  trunk:
    - SwiftAlgorithms

EXTERNAL SOURCES:
  Flutter:
    :path: Flutter
  path_provider_foundation:
    :path: ".symlinks/plugins/path_provider_foundation/darwin"
  permission_handler_apple:
    :path: ".symlinks/plugins/permission_handler_apple/ios"
  share_plus:
    :path: ".symlinks/plugins/share_plus/ios"
  SpruceIDMobileSdk:
    :path: "../../../"
  SpruceIDMobileSdkRs:
    :path: "../../../"
  SpruceIDMobileSdkRsRustFramework:
    :path: "../../../"
  sprucekit_mobile:
    :path: ".symlinks/plugins/sprucekit_mobile/ios"

SPEC CHECKSUMS:
  Flutter: cabc95a1d2626b1b06e7179b784ebcf0c0cde467
  path_provider_foundation: bb55f6dbba17d0dccd6737fe6f7f34fbd0376880
  permission_handler_apple: 4ed2196e43d0651e8ff7ca3483a069d469701f2d
  share_plus: 50da8cb520a8f0f65671c6c6a99b3617ed10a58a
  SpruceIDMobileSdk: 6b990074ddf6ebf952b78c568d78479afe4985b8
  SpruceIDMobileSdkRs: 3dac5e13e11282805016a8ea8448abc21d088d18
  SpruceIDMobileSdkRsRustFramework: a2867d5b6d4edbfa004a08db264627bc43549fea
  sprucekit_mobile: 4df6a6d6fc90ae45f2523b46b4b633c4c800ff00
  SwiftAlgorithms: 38dda4731d19027fdeee1125f973111bf3386b53

PODFILE CHECKSUM: b69b363296c914f73d8c30eef22e70abce1812bc

COCOAPODS: 1.16.2
